
Microsoft Visual Studio Solution File, Format Version 12.00
# Visual Studio Version 17
VisualStudioVersion = 17.5.002.0
MinimumVisualStudioVersion = 10.0.40219.1
Project("{2150E333-8FDC-42A3-9474-1A3956D46DE8}") = "computer-science", "computer-science", "{F9DDF831-D80A-4836-88DA-9533E56566B1}"
EndProject
Project("{2150E333-8FDC-42A3-9474-1A3956D46DE8}") = "programming", "programming", "{B1E45B4F-4FF9-48D5-82CF-E8489C911D3D}"
EndProject
Project("{2150E333-8FDC-42A3-9474-1A3956D46DE8}") = "composing-programs", "composing-programs", "{F2687809-90C6-4B46-AE8F-8EA1403F136D}"
EndProject
Project("{2150E333-8FDC-42A3-9474-1A3956D46DE8}") = "examples", "examples", "{785DCAAA-E7CB-40A1-90A0-EC9295D3BC98}"
EndProject
Project("{2150E333-8FDC-42A3-9474-1A3956D46DE8}") = "csharp", "csharp", "{6878E748-642A-4A01-83D8-1FFEB7F54302}"
EndProject
Project("{9A19103F-16F7-4668-BE54-9A1E7A4F7556}") = "functions_as_returned_values", "computer-science\programming\composing-programs\examples\csharp\functions_as_returned_values\functions_as_returned_values.csproj", "{952C73ED-DF4A-45E7-8BE7-7E9EAAAEE97C}"
EndProject
Global
	GlobalSection(SolutionConfigurationPlatforms) = preSolution
		Debug|Any CPU = Debug|Any CPU
		Release|Any CPU = Release|Any CPU
	EndGlobalSection
	GlobalSection(ProjectConfigurationPlatforms) = postSolution
		{952C73ED-DF4A-45E7-8BE7-7E9EAAAEE97C}.Debug|Any CPU.ActiveCfg = Debug|Any CPU
		{952C73ED-DF4A-45E7-8BE7-7E9EAAAEE97C}.Debug|Any CPU.Build.0 = Debug|Any CPU
		{952C73ED-DF4A-45E7-8BE7-7E9EAAAEE97C}.Release|Any CPU.ActiveCfg = Release|Any CPU
		{952C73ED-DF4A-45E7-8BE7-7E9EAAAEE97C}.Release|Any CPU.Build.0 = Release|Any CPU
	EndGlobalSection
	GlobalSection(SolutionProperties) = preSolution
		HideSolutionNode = FALSE
	EndGlobalSection
	GlobalSection(NestedProjects) = preSolution
		{B1E45B4F-4FF9-48D5-82CF-E8489C911D3D} = {F9DDF831-D80A-4836-88DA-9533E56566B1}
		{F2687809-90C6-4B46-AE8F-8EA1403F136D} = {B1E45B4F-4FF9-48D5-82CF-E8489C911D3D}
		{785DCAAA-E7CB-40A1-90A0-EC9295D3BC98} = {F2687809-90C6-4B46-AE8F-8EA1403F136D}
		{6878E748-642A-4A01-83D8-1FFEB7F54302} = {785DCAAA-E7CB-40A1-90A0-EC9295D3BC98}
		{952C73ED-DF4A-45E7-8BE7-7E9EAAAEE97C} = {6878E748-642A-4A01-83D8-1FFEB7F54302}
	EndGlobalSection
	GlobalSection(ExtensibilityGlobals) = postSolution
		SolutionGuid = {C4FFCE62-F9BA-4EB5-87C9-170B7973AD1D}
	EndGlobalSection
EndGlobal
