
Microsoft Visual Studio Solution File, Format Version 12.00
# Visual Studio Version 17
VisualStudioVersion = 17.5.002.0
MinimumVisualStudioVersion = 10.0.40219.1
Project("{2150E333-8FDC-42A3-9474-1A3956D46DE8}") = "Finished", "Finished", "{52923E7B-6EE0-4025-88D0-5F5C0358A7B5}"
EndProject
Project("{2150E333-8FDC-42A3-9474-1A3956D46DE8}") = "Classes", "Classes", "{DBC90221-F0CB-44EE-BC84-B93048E8CAAC}"
EndProject
Project("{9A19103F-16F7-4668-BE54-9A1E7A4F7556}") = "Defining", "Finished\Classes\Defining\Defining.csproj", "{A0E811F6-2537-411D-91FD-BE3E6F037DE2}"
EndProject
Project("{9A19103F-16F7-4668-BE54-9A1E7A4F7556}") = "Inheritance", "Finished\Classes\Inheritance\Inheritance.csproj", "{2EF9588A-92D9-48EA-8389-C7A7B166ECE2}"
EndProject
Project("{9A19103F-16F7-4668-BE54-9A1E7A4F7556}") = "Modifiers", "Finished\Classes\Modifiers\Modifiers.csproj", "{9508D98C-DBE8-4990-AAD0-2EA97EFA948E}"
EndProject
Project("{9A19103F-16F7-4668-BE54-9A1E7A4F7556}") = "ProgChallenge", "Finished\Classes\ProgChallenge\ProgChallenge.csproj", "{EF840C3C-67B4-400F-A77F-DA36501B7E25}"
EndProject
Project("{9A19103F-16F7-4668-BE54-9A1E7A4F7556}") = "Properties", "Finished\Classes\Properties\Properties.csproj", "{2F47CF44-AF8C-495B-9E17-E366955088EA}"
EndProject
Project("{9A19103F-16F7-4668-BE54-9A1E7A4F7556}") = "StringRep", "Finished\Classes\StringRep\StringRep.csproj", "{9D55C77B-F30B-4F7E-ADBC-B6A0C7DCA853}"
EndProject
Project("{2150E333-8FDC-42A3-9474-1A3956D46DE8}") = "Functions", "Functions", "{8CE2DF27-4A01-49D4-A00C-9368B5331264}"
EndProject
Project("{9A19103F-16F7-4668-BE54-9A1E7A4F7556}") = "Basics", "Finished\Functions\Basics\Basics.csproj", "{A12C1DF5-FBAD-4D09-906C-D32831AA6496}"
EndProject
Project("{9A19103F-16F7-4668-BE54-9A1E7A4F7556}") = "Params", "Finished\Functions\DefaultParams\Params.csproj", "{39EEEF26-744D-4258-802D-2DD755794A81}"
EndProject
Project("{9A19103F-16F7-4668-BE54-9A1E7A4F7556}") = "MultiValues", "Finished\Functions\MultiValues\MultiValues.csproj", "{B8A7EADF-1C7E-4337-82D0-8B8B5544C4C7}"
EndProject
Project("{9A19103F-16F7-4668-BE54-9A1E7A4F7556}") = "ProgChallenge", "Finished\Functions\ProgChallenge\ProgChallenge.csproj", "{7BDB998E-518C-4601-8FDC-243D20E8D9F9}"
EndProject
Project("{9A19103F-16F7-4668-BE54-9A1E7A4F7556}") = "RefAndOut", "Finished\Functions\RefAndOutParams\RefAndOut.csproj", "{A8B7ABB7-E01C-4693-A585-2CEC2BD7D408}"
EndProject
Project("{2150E333-8FDC-42A3-9474-1A3956D46DE8}") = "Overview", "Overview", "{D153FEE8-319C-4A57-AF76-EB9B49DD42C0}"
EndProject
Project("{9A19103F-16F7-4668-BE54-9A1E7A4F7556}") = "Comments", "Finished\Overview\Comments\Comments.csproj", "{B6254BD9-C07D-4BC2-8833-92ADB1068FB5}"
EndProject
Project("{9A19103F-16F7-4668-BE54-9A1E7A4F7556}") = "HelloWorld", "Finished\Overview\HelloWorld\HelloWorld.csproj", "{49B8CE42-3F34-403F-9C48-B3A60C9346E3}"
EndProject
Project("{9A19103F-16F7-4668-BE54-9A1E7A4F7556}") = "Operators", "Finished\Overview\Operators\Operators.csproj", "{63BE3403-5971-47A9-9C34-D843F8A0F8A3}"
EndProject
Project("{9A19103F-16F7-4668-BE54-9A1E7A4F7556}") = "VarsAndData", "Finished\Overview\VarsAndData\VarsAndData.csproj", "{744CDDD8-2518-4CA9-BAAC-1E126347A1B9}"
EndProject
Project("{2150E333-8FDC-42A3-9474-1A3956D46DE8}") = "Program Flow", "Program Flow", "{D85F8B56-2CEB-4FEB-9367-D214ED7E85B5}"
EndProject
Project("{9A19103F-16F7-4668-BE54-9A1E7A4F7556}") = "BreakContinue", "Finished\Program Flow\BreakContinue\BreakContinue.csproj", "{3BF08815-2D98-4BBC-9CDF-22B4EA1DCB01}"
EndProject
Project("{9A19103F-16F7-4668-BE54-9A1E7A4F7556}") = "Conditionals", "Finished\Program Flow\Conditional-if\Conditionals.csproj", "{6F3B7A4D-6D64-415F-BFB2-40D58752E74D}"
EndProject
Project("{9A19103F-16F7-4668-BE54-9A1E7A4F7556}") = "ConditionalOps", "Finished\Program Flow\Conditional-switch\ConditionalOps.csproj", "{C955A352-5473-4817-8D3F-DF13E61F27FD}"
EndProject
Project("{9A19103F-16F7-4668-BE54-9A1E7A4F7556}") = "Exceptions", "Finished\Program Flow\Exceptions\Exceptions.csproj", "{7559333C-C4B5-4A59-8959-972D0524031D}"
EndProject
Project("{9A19103F-16F7-4668-BE54-9A1E7A4F7556}") = "ForLoops", "Finished\Program Flow\ForLoops\ForLoops.csproj", "{377F79BF-29B3-410D-93B8-60818F75DAD6}"
EndProject
Project("{9A19103F-16F7-4668-BE54-9A1E7A4F7556}") = "WhileLoops", "Finished\Program Flow\WhileLoops\WhileLoops.csproj", "{30FAD6CD-C626-40CA-ABB5-E51633D26AC2}"
EndProject
Project("{2150E333-8FDC-42A3-9474-1A3956D46DE8}") = "Strings", "Strings", "{E12D89E3-C4BF-4989-BF71-342C69DC9B78}"
EndProject
Project("{9A19103F-16F7-4668-BE54-9A1E7A4F7556}") = "Builder", "Finished\Strings\Builder\Builder.csproj", "{E06FD53A-04BC-4DA1-ADBF-4933DD872BE7}"
EndProject
Project("{9A19103F-16F7-4668-BE54-9A1E7A4F7556}") = "Formatting", "Finished\Strings\Formatting\Formatting.csproj", "{82B7869C-DDAF-44B3-9F7D-9516F2DB0002}"
EndProject
Project("{9A19103F-16F7-4668-BE54-9A1E7A4F7556}") = "Strings", "Finished\Strings\Interpolation\Strings.csproj", "{DA9A0B63-AEDA-4EED-B044-03DB9F2A4D68}"
EndProject
Project("{9A19103F-16F7-4668-BE54-9A1E7A4F7556}") = "Operations", "Finished\Strings\Operations\Operations.csproj", "{68412A71-31A0-4CE1-BF85-D4C7776DAE9F}"
EndProject
Project("{9A19103F-16F7-4668-BE54-9A1E7A4F7556}") = "Parsing", "Finished\Strings\Parsing\Parsing.csproj", "{16292699-245A-469F-AB22-2F05771F623B}"
EndProject
Project("{9A19103F-16F7-4668-BE54-9A1E7A4F7556}") = "ProgChallenge", "Finished\Strings\ProgChallengeFinished\ProgChallenge.csproj", "{021B2B6F-985C-4D7F-B6EB-4EA99FB15C5E}"
EndProject
Project("{9A19103F-16F7-4668-BE54-9A1E7A4F7556}") = "ProgChallengeStart", "Finished\Strings\ProgChallengeStart\ProgChallengeStart.csproj", "{D73167A9-3742-4E9B-A09C-7EC552A3A05F}"
EndProject
Project("{2150E333-8FDC-42A3-9474-1A3956D46DE8}") = "Start", "Start", "{3054C40F-1814-48E6-B719-2DC236461D12}"
EndProject
Project("{2150E333-8FDC-42A3-9474-1A3956D46DE8}") = "Classes", "Classes", "{C9AC6936-F47B-4991-981D-F71643759EF9}"
EndProject
Project("{9A19103F-16F7-4668-BE54-9A1E7A4F7556}") = "Defining", "Start\Classes\Defining\Defining.csproj", "{800E8058-BA4D-4A1F-A247-327ED0C42B56}"
EndProject
Project("{9A19103F-16F7-4668-BE54-9A1E7A4F7556}") = "Inheritance", "Start\Classes\Inheritance\Inheritance.csproj", "{3B971C09-0E1A-4A38-BFE4-C7C6A614B913}"
EndProject
Project("{9A19103F-16F7-4668-BE54-9A1E7A4F7556}") = "Modifiers", "Start\Classes\Modifiers\Modifiers.csproj", "{2E4F232A-5C78-4A2C-A1E6-7BCD27A5280F}"
EndProject
Project("{9A19103F-16F7-4668-BE54-9A1E7A4F7556}") = "ProgChallenge", "Start\Classes\ProgChallenge\ProgChallenge.csproj", "{A58EFCA5-EE18-427B-8BC4-644926B127B9}"
EndProject
Project("{9A19103F-16F7-4668-BE54-9A1E7A4F7556}") = "Properties", "Start\Classes\Properties\Properties.csproj", "{4F80D288-8D77-4007-B403-8CC8AFC70845}"
EndProject
Project("{9A19103F-16F7-4668-BE54-9A1E7A4F7556}") = "StringRep", "Start\Classes\StringRep\StringRep.csproj", "{615A0B81-9C78-46FD-B917-CA76CCC360CE}"
EndProject
Project("{2150E333-8FDC-42A3-9474-1A3956D46DE8}") = "Functions", "Functions", "{5BCEFEE2-9BFB-4534-88D2-183DD27ED59F}"
EndProject
Project("{9A19103F-16F7-4668-BE54-9A1E7A4F7556}") = "Basics", "Start\Functions\Basics\Basics.csproj", "{3FBCD4F5-9830-41AC-AE59-9CA020C745E3}"
EndProject
Project("{9A19103F-16F7-4668-BE54-9A1E7A4F7556}") = "Params", "Start\Functions\DefaultParams\Params.csproj", "{01C79D08-674C-42A8-B358-252C17EEBFC8}"
EndProject
Project("{9A19103F-16F7-4668-BE54-9A1E7A4F7556}") = "MultiValues", "Start\Functions\MultiValues\MultiValues.csproj", "{8AE0F927-0459-4E6D-B445-EA0EA210BD9F}"
EndProject
Project("{9A19103F-16F7-4668-BE54-9A1E7A4F7556}") = "RefAndOut", "Start\Functions\RefAndOutParams\RefAndOut.csproj", "{5D366164-419E-444B-B143-D9DCE0022C68}"
EndProject
Project("{2150E333-8FDC-42A3-9474-1A3956D46DE8}") = "Overview", "Overview", "{45135F32-B41B-4596-85B9-9F21B8C79E52}"
EndProject
Project("{9A19103F-16F7-4668-BE54-9A1E7A4F7556}") = "Comments", "Start\Overview\Comments\Comments.csproj", "{5C3E744F-29A5-48A7-B864-473BEDAEF7B7}"
EndProject
Project("{9A19103F-16F7-4668-BE54-9A1E7A4F7556}") = "Operators", "Start\Overview\Operators\Operators.csproj", "{DDE2C158-FF90-4CE9-8E3F-D7ADA16EE91B}"
EndProject
Project("{9A19103F-16F7-4668-BE54-9A1E7A4F7556}") = "VarsAndData", "Start\Overview\VarsAndData\VarsAndData.csproj", "{4FB60A41-7AE4-45C0-B0FD-A001C5F3FF61}"
EndProject
Project("{2150E333-8FDC-42A3-9474-1A3956D46DE8}") = "Program Flow", "Program Flow", "{67881F1A-FF1F-4C53-A910-B02705D0792F}"
EndProject
Project("{9A19103F-16F7-4668-BE54-9A1E7A4F7556}") = "BreakContinue", "Start\Program Flow\BreakContinue\BreakContinue.csproj", "{F6130725-132D-4B06-A2C8-F72F21CB7016}"
EndProject
Project("{9A19103F-16F7-4668-BE54-9A1E7A4F7556}") = "Conditionals", "Start\Program Flow\Conditional-if\Conditionals.csproj", "{7CF3ABC8-DCE5-48BB-8922-0C15F4676BA5}"
EndProject
Project("{9A19103F-16F7-4668-BE54-9A1E7A4F7556}") = "ConditionalOps", "Start\Program Flow\Conditional-switch\ConditionalOps.csproj", "{AC353365-6116-4A25-90E8-FB682C544873}"
EndProject
Project("{9A19103F-16F7-4668-BE54-9A1E7A4F7556}") = "Exceptions", "Start\Program Flow\Exceptions\Exceptions.csproj", "{A19C3F4B-D322-4393-B394-DAC737E32D81}"
EndProject
Project("{9A19103F-16F7-4668-BE54-9A1E7A4F7556}") = "ForLoops", "Start\Program Flow\ForLoops\ForLoops.csproj", "{537EDD1A-B366-4C23-B15A-8EEF98BDD1E3}"
EndProject
Project("{9A19103F-16F7-4668-BE54-9A1E7A4F7556}") = "WhileLoops", "Start\Program Flow\WhileLoops\WhileLoops.csproj", "{206931A3-480B-4CE1-BA81-DFC52B8BFDC5}"
EndProject
Project("{2150E333-8FDC-42A3-9474-1A3956D46DE8}") = "Strings", "Strings", "{C35A4D9D-CB35-4E8E-867A-D2F0AC20A9D4}"
EndProject
Project("{9A19103F-16F7-4668-BE54-9A1E7A4F7556}") = "Builder", "Start\Strings\Builder\Builder.csproj", "{5E8C78C1-42F4-4624-85F3-EC8434DFCB46}"
EndProject
Project("{9A19103F-16F7-4668-BE54-9A1E7A4F7556}") = "Formatting", "Start\Strings\Formatting\Formatting.csproj", "{76731C9A-D6F9-4031-B3E0-D3549860F9C2}"
EndProject
Project("{9A19103F-16F7-4668-BE54-9A1E7A4F7556}") = "Strings", "Start\Strings\Interpolation\Strings.csproj", "{C89EAD57-701C-4903-8C34-5A38490F2AE0}"
EndProject
Project("{9A19103F-16F7-4668-BE54-9A1E7A4F7556}") = "Operations", "Start\Strings\Operations\Operations.csproj", "{66DED235-D445-4298-A789-87852480E001}"
EndProject
Project("{9A19103F-16F7-4668-BE54-9A1E7A4F7556}") = "Parsing", "Start\Strings\Parsing\Parsing.csproj", "{03E34F96-AE22-4E27-AB25-F872D5A14CE5}"
EndProject
Project("{9A19103F-16F7-4668-BE54-9A1E7A4F7556}") = "ProgChallengeStart", "Start\Strings\ProgChallengeStart\ProgChallengeStart.csproj", "{C94FB820-6F96-4F6D-B7F5-7565EB8BE7D9}"
EndProject
Global
	GlobalSection(SolutionConfigurationPlatforms) = preSolution
		Debug|Any CPU = Debug|Any CPU
		Release|Any CPU = Release|Any CPU
	EndGlobalSection
	GlobalSection(ProjectConfigurationPlatforms) = postSolution
		{A0E811F6-2537-411D-91FD-BE3E6F037DE2}.Debug|Any CPU.ActiveCfg = Debug|Any CPU
		{A0E811F6-2537-411D-91FD-BE3E6F037DE2}.Debug|Any CPU.Build.0 = Debug|Any CPU
		{A0E811F6-2537-411D-91FD-BE3E6F037DE2}.Release|Any CPU.ActiveCfg = Release|Any CPU
		{A0E811F6-2537-411D-91FD-BE3E6F037DE2}.Release|Any CPU.Build.0 = Release|Any CPU
		{2EF9588A-92D9-48EA-8389-C7A7B166ECE2}.Debug|Any CPU.ActiveCfg = Debug|Any CPU
		{2EF9588A-92D9-48EA-8389-C7A7B166ECE2}.Debug|Any CPU.Build.0 = Debug|Any CPU
		{2EF9588A-92D9-48EA-8389-C7A7B166ECE2}.Release|Any CPU.ActiveCfg = Release|Any CPU
		{2EF9588A-92D9-48EA-8389-C7A7B166ECE2}.Release|Any CPU.Build.0 = Release|Any CPU
		{9508D98C-DBE8-4990-AAD0-2EA97EFA948E}.Debug|Any CPU.ActiveCfg = Debug|Any CPU
		{9508D98C-DBE8-4990-AAD0-2EA97EFA948E}.Debug|Any CPU.Build.0 = Debug|Any CPU
		{9508D98C-DBE8-4990-AAD0-2EA97EFA948E}.Release|Any CPU.ActiveCfg = Release|Any CPU
		{9508D98C-DBE8-4990-AAD0-2EA97EFA948E}.Release|Any CPU.Build.0 = Release|Any CPU
		{EF840C3C-67B4-400F-A77F-DA36501B7E25}.Debug|Any CPU.ActiveCfg = Debug|Any CPU
		{EF840C3C-67B4-400F-A77F-DA36501B7E25}.Debug|Any CPU.Build.0 = Debug|Any CPU
		{EF840C3C-67B4-400F-A77F-DA36501B7E25}.Release|Any CPU.ActiveCfg = Release|Any CPU
		{EF840C3C-67B4-400F-A77F-DA36501B7E25}.Release|Any CPU.Build.0 = Release|Any CPU
		{2F47CF44-AF8C-495B-9E17-E366955088EA}.Debug|Any CPU.ActiveCfg = Debug|Any CPU
		{2F47CF44-AF8C-495B-9E17-E366955088EA}.Debug|Any CPU.Build.0 = Debug|Any CPU
		{2F47CF44-AF8C-495B-9E17-E366955088EA}.Release|Any CPU.ActiveCfg = Release|Any CPU
		{2F47CF44-AF8C-495B-9E17-E366955088EA}.Release|Any CPU.Build.0 = Release|Any CPU
		{9D55C77B-F30B-4F7E-ADBC-B6A0C7DCA853}.Debug|Any CPU.ActiveCfg = Debug|Any CPU
		{9D55C77B-F30B-4F7E-ADBC-B6A0C7DCA853}.Debug|Any CPU.Build.0 = Debug|Any CPU
		{9D55C77B-F30B-4F7E-ADBC-B6A0C7DCA853}.Release|Any CPU.ActiveCfg = Release|Any CPU
		{9D55C77B-F30B-4F7E-ADBC-B6A0C7DCA853}.Release|Any CPU.Build.0 = Release|Any CPU
		{A12C1DF5-FBAD-4D09-906C-D32831AA6496}.Debug|Any CPU.ActiveCfg = Debug|Any CPU
		{A12C1DF5-FBAD-4D09-906C-D32831AA6496}.Debug|Any CPU.Build.0 = Debug|Any CPU
		{A12C1DF5-FBAD-4D09-906C-D32831AA6496}.Release|Any CPU.ActiveCfg = Release|Any CPU
		{A12C1DF5-FBAD-4D09-906C-D32831AA6496}.Release|Any CPU.Build.0 = Release|Any CPU
		{39EEEF26-744D-4258-802D-2DD755794A81}.Debug|Any CPU.ActiveCfg = Debug|Any CPU
		{39EEEF26-744D-4258-802D-2DD755794A81}.Debug|Any CPU.Build.0 = Debug|Any CPU
		{39EEEF26-744D-4258-802D-2DD755794A81}.Release|Any CPU.ActiveCfg = Release|Any CPU
		{39EEEF26-744D-4258-802D-2DD755794A81}.Release|Any CPU.Build.0 = Release|Any CPU
		{B8A7EADF-1C7E-4337-82D0-8B8B5544C4C7}.Debug|Any CPU.ActiveCfg = Debug|Any CPU
		{B8A7EADF-1C7E-4337-82D0-8B8B5544C4C7}.Debug|Any CPU.Build.0 = Debug|Any CPU
		{B8A7EADF-1C7E-4337-82D0-8B8B5544C4C7}.Release|Any CPU.ActiveCfg = Release|Any CPU
		{B8A7EADF-1C7E-4337-82D0-8B8B5544C4C7}.Release|Any CPU.Build.0 = Release|Any CPU
		{7BDB998E-518C-4601-8FDC-243D20E8D9F9}.Debug|Any CPU.ActiveCfg = Debug|Any CPU
		{7BDB998E-518C-4601-8FDC-243D20E8D9F9}.Debug|Any CPU.Build.0 = Debug|Any CPU
		{7BDB998E-518C-4601-8FDC-243D20E8D9F9}.Release|Any CPU.ActiveCfg = Release|Any CPU
		{7BDB998E-518C-4601-8FDC-243D20E8D9F9}.Release|Any CPU.Build.0 = Release|Any CPU
		{A8B7ABB7-E01C-4693-A585-2CEC2BD7D408}.Debug|Any CPU.ActiveCfg = Debug|Any CPU
		{A8B7ABB7-E01C-4693-A585-2CEC2BD7D408}.Debug|Any CPU.Build.0 = Debug|Any CPU
		{A8B7ABB7-E01C-4693-A585-2CEC2BD7D408}.Release|Any CPU.ActiveCfg = Release|Any CPU
		{A8B7ABB7-E01C-4693-A585-2CEC2BD7D408}.Release|Any CPU.Build.0 = Release|Any CPU
		{B6254BD9-C07D-4BC2-8833-92ADB1068FB5}.Debug|Any CPU.ActiveCfg = Debug|Any CPU
		{B6254BD9-C07D-4BC2-8833-92ADB1068FB5}.Debug|Any CPU.Build.0 = Debug|Any CPU
		{B6254BD9-C07D-4BC2-8833-92ADB1068FB5}.Release|Any CPU.ActiveCfg = Release|Any CPU
		{B6254BD9-C07D-4BC2-8833-92ADB1068FB5}.Release|Any CPU.Build.0 = Release|Any CPU
		{49B8CE42-3F34-403F-9C48-B3A60C9346E3}.Debug|Any CPU.ActiveCfg = Debug|Any CPU
		{49B8CE42-3F34-403F-9C48-B3A60C9346E3}.Debug|Any CPU.Build.0 = Debug|Any CPU
		{49B8CE42-3F34-403F-9C48-B3A60C9346E3}.Release|Any CPU.ActiveCfg = Release|Any CPU
		{49B8CE42-3F34-403F-9C48-B3A60C9346E3}.Release|Any CPU.Build.0 = Release|Any CPU
		{63BE3403-5971-47A9-9C34-D843F8A0F8A3}.Debug|Any CPU.ActiveCfg = Debug|Any CPU
		{63BE3403-5971-47A9-9C34-D843F8A0F8A3}.Debug|Any CPU.Build.0 = Debug|Any CPU
		{63BE3403-5971-47A9-9C34-D843F8A0F8A3}.Release|Any CPU.ActiveCfg = Release|Any CPU
		{63BE3403-5971-47A9-9C34-D843F8A0F8A3}.Release|Any CPU.Build.0 = Release|Any CPU
		{744CDDD8-2518-4CA9-BAAC-1E126347A1B9}.Debug|Any CPU.ActiveCfg = Debug|Any CPU
		{744CDDD8-2518-4CA9-BAAC-1E126347A1B9}.Debug|Any CPU.Build.0 = Debug|Any CPU
		{744CDDD8-2518-4CA9-BAAC-1E126347A1B9}.Release|Any CPU.ActiveCfg = Release|Any CPU
		{744CDDD8-2518-4CA9-BAAC-1E126347A1B9}.Release|Any CPU.Build.0 = Release|Any CPU
		{3BF08815-2D98-4BBC-9CDF-22B4EA1DCB01}.Debug|Any CPU.ActiveCfg = Debug|Any CPU
		{3BF08815-2D98-4BBC-9CDF-22B4EA1DCB01}.Debug|Any CPU.Build.0 = Debug|Any CPU
		{3BF08815-2D98-4BBC-9CDF-22B4EA1DCB01}.Release|Any CPU.ActiveCfg = Release|Any CPU
		{3BF08815-2D98-4BBC-9CDF-22B4EA1DCB01}.Release|Any CPU.Build.0 = Release|Any CPU
		{6F3B7A4D-6D64-415F-BFB2-40D58752E74D}.Debug|Any CPU.ActiveCfg = Debug|Any CPU
		{6F3B7A4D-6D64-415F-BFB2-40D58752E74D}.Debug|Any CPU.Build.0 = Debug|Any CPU
		{6F3B7A4D-6D64-415F-BFB2-40D58752E74D}.Release|Any CPU.ActiveCfg = Release|Any CPU
		{6F3B7A4D-6D64-415F-BFB2-40D58752E74D}.Release|Any CPU.Build.0 = Release|Any CPU
		{C955A352-5473-4817-8D3F-DF13E61F27FD}.Debug|Any CPU.ActiveCfg = Debug|Any CPU
		{C955A352-5473-4817-8D3F-DF13E61F27FD}.Debug|Any CPU.Build.0 = Debug|Any CPU
		{C955A352-5473-4817-8D3F-DF13E61F27FD}.Release|Any CPU.ActiveCfg = Release|Any CPU
		{C955A352-5473-4817-8D3F-DF13E61F27FD}.Release|Any CPU.Build.0 = Release|Any CPU
		{7559333C-C4B5-4A59-8959-972D0524031D}.Debug|Any CPU.ActiveCfg = Debug|Any CPU
		{7559333C-C4B5-4A59-8959-972D0524031D}.Debug|Any CPU.Build.0 = Debug|Any CPU
		{7559333C-C4B5-4A59-8959-972D0524031D}.Release|Any CPU.ActiveCfg = Release|Any CPU
		{7559333C-C4B5-4A59-8959-972D0524031D}.Release|Any CPU.Build.0 = Release|Any CPU
		{377F79BF-29B3-410D-93B8-60818F75DAD6}.Debug|Any CPU.ActiveCfg = Debug|Any CPU
		{377F79BF-29B3-410D-93B8-60818F75DAD6}.Debug|Any CPU.Build.0 = Debug|Any CPU
		{377F79BF-29B3-410D-93B8-60818F75DAD6}.Release|Any CPU.ActiveCfg = Release|Any CPU
		{377F79BF-29B3-410D-93B8-60818F75DAD6}.Release|Any CPU.Build.0 = Release|Any CPU
		{30FAD6CD-C626-40CA-ABB5-E51633D26AC2}.Debug|Any CPU.ActiveCfg = Debug|Any CPU
		{30FAD6CD-C626-40CA-ABB5-E51633D26AC2}.Debug|Any CPU.Build.0 = Debug|Any CPU
		{30FAD6CD-C626-40CA-ABB5-E51633D26AC2}.Release|Any CPU.ActiveCfg = Release|Any CPU
		{30FAD6CD-C626-40CA-ABB5-E51633D26AC2}.Release|Any CPU.Build.0 = Release|Any CPU
		{E06FD53A-04BC-4DA1-ADBF-4933DD872BE7}.Debug|Any CPU.ActiveCfg = Debug|Any CPU
		{E06FD53A-04BC-4DA1-ADBF-4933DD872BE7}.Debug|Any CPU.Build.0 = Debug|Any CPU
		{E06FD53A-04BC-4DA1-ADBF-4933DD872BE7}.Release|Any CPU.ActiveCfg = Release|Any CPU
		{E06FD53A-04BC-4DA1-ADBF-4933DD872BE7}.Release|Any CPU.Build.0 = Release|Any CPU
		{82B7869C-DDAF-44B3-9F7D-9516F2DB0002}.Debug|Any CPU.ActiveCfg = Debug|Any CPU
		{82B7869C-DDAF-44B3-9F7D-9516F2DB0002}.Debug|Any CPU.Build.0 = Debug|Any CPU
		{82B7869C-DDAF-44B3-9F7D-9516F2DB0002}.Release|Any CPU.ActiveCfg = Release|Any CPU
		{82B7869C-DDAF-44B3-9F7D-9516F2DB0002}.Release|Any CPU.Build.0 = Release|Any CPU
		{DA9A0B63-AEDA-4EED-B044-03DB9F2A4D68}.Debug|Any CPU.ActiveCfg = Debug|Any CPU
		{DA9A0B63-AEDA-4EED-B044-03DB9F2A4D68}.Debug|Any CPU.Build.0 = Debug|Any CPU
		{DA9A0B63-AEDA-4EED-B044-03DB9F2A4D68}.Release|Any CPU.ActiveCfg = Release|Any CPU
		{DA9A0B63-AEDA-4EED-B044-03DB9F2A4D68}.Release|Any CPU.Build.0 = Release|Any CPU
		{68412A71-31A0-4CE1-BF85-D4C7776DAE9F}.Debug|Any CPU.ActiveCfg = Debug|Any CPU
		{68412A71-31A0-4CE1-BF85-D4C7776DAE9F}.Debug|Any CPU.Build.0 = Debug|Any CPU
		{68412A71-31A0-4CE1-BF85-D4C7776DAE9F}.Release|Any CPU.ActiveCfg = Release|Any CPU
		{68412A71-31A0-4CE1-BF85-D4C7776DAE9F}.Release|Any CPU.Build.0 = Release|Any CPU
		{16292699-245A-469F-AB22-2F05771F623B}.Debug|Any CPU.ActiveCfg = Debug|Any CPU
		{16292699-245A-469F-AB22-2F05771F623B}.Debug|Any CPU.Build.0 = Debug|Any CPU
		{16292699-245A-469F-AB22-2F05771F623B}.Release|Any CPU.ActiveCfg = Release|Any CPU
		{16292699-245A-469F-AB22-2F05771F623B}.Release|Any CPU.Build.0 = Release|Any CPU
		{021B2B6F-985C-4D7F-B6EB-4EA99FB15C5E}.Debug|Any CPU.ActiveCfg = Debug|Any CPU
		{021B2B6F-985C-4D7F-B6EB-4EA99FB15C5E}.Debug|Any CPU.Build.0 = Debug|Any CPU
		{021B2B6F-985C-4D7F-B6EB-4EA99FB15C5E}.Release|Any CPU.ActiveCfg = Release|Any CPU
		{021B2B6F-985C-4D7F-B6EB-4EA99FB15C5E}.Release|Any CPU.Build.0 = Release|Any CPU
		{D73167A9-3742-4E9B-A09C-7EC552A3A05F}.Debug|Any CPU.ActiveCfg = Debug|Any CPU
		{D73167A9-3742-4E9B-A09C-7EC552A3A05F}.Debug|Any CPU.Build.0 = Debug|Any CPU
		{D73167A9-3742-4E9B-A09C-7EC552A3A05F}.Release|Any CPU.ActiveCfg = Release|Any CPU
		{D73167A9-3742-4E9B-A09C-7EC552A3A05F}.Release|Any CPU.Build.0 = Release|Any CPU
		{800E8058-BA4D-4A1F-A247-327ED0C42B56}.Debug|Any CPU.ActiveCfg = Debug|Any CPU
		{800E8058-BA4D-4A1F-A247-327ED0C42B56}.Debug|Any CPU.Build.0 = Debug|Any CPU
		{800E8058-BA4D-4A1F-A247-327ED0C42B56}.Release|Any CPU.ActiveCfg = Release|Any CPU
		{800E8058-BA4D-4A1F-A247-327ED0C42B56}.Release|Any CPU.Build.0 = Release|Any CPU
		{3B971C09-0E1A-4A38-BFE4-C7C6A614B913}.Debug|Any CPU.ActiveCfg = Debug|Any CPU
		{3B971C09-0E1A-4A38-BFE4-C7C6A614B913}.Debug|Any CPU.Build.0 = Debug|Any CPU
		{3B971C09-0E1A-4A38-BFE4-C7C6A614B913}.Release|Any CPU.ActiveCfg = Release|Any CPU
		{3B971C09-0E1A-4A38-BFE4-C7C6A614B913}.Release|Any CPU.Build.0 = Release|Any CPU
		{2E4F232A-5C78-4A2C-A1E6-7BCD27A5280F}.Debug|Any CPU.ActiveCfg = Debug|Any CPU
		{2E4F232A-5C78-4A2C-A1E6-7BCD27A5280F}.Debug|Any CPU.Build.0 = Debug|Any CPU
		{2E4F232A-5C78-4A2C-A1E6-7BCD27A5280F}.Release|Any CPU.ActiveCfg = Release|Any CPU
		{2E4F232A-5C78-4A2C-A1E6-7BCD27A5280F}.Release|Any CPU.Build.0 = Release|Any CPU
		{A58EFCA5-EE18-427B-8BC4-644926B127B9}.Debug|Any CPU.ActiveCfg = Debug|Any CPU
		{A58EFCA5-EE18-427B-8BC4-644926B127B9}.Debug|Any CPU.Build.0 = Debug|Any CPU
		{A58EFCA5-EE18-427B-8BC4-644926B127B9}.Release|Any CPU.ActiveCfg = Release|Any CPU
		{A58EFCA5-EE18-427B-8BC4-644926B127B9}.Release|Any CPU.Build.0 = Release|Any CPU
		{4F80D288-8D77-4007-B403-8CC8AFC70845}.Debug|Any CPU.ActiveCfg = Debug|Any CPU
		{4F80D288-8D77-4007-B403-8CC8AFC70845}.Debug|Any CPU.Build.0 = Debug|Any CPU
		{4F80D288-8D77-4007-B403-8CC8AFC70845}.Release|Any CPU.ActiveCfg = Release|Any CPU
		{4F80D288-8D77-4007-B403-8CC8AFC70845}.Release|Any CPU.Build.0 = Release|Any CPU
		{615A0B81-9C78-46FD-B917-CA76CCC360CE}.Debug|Any CPU.ActiveCfg = Debug|Any CPU
		{615A0B81-9C78-46FD-B917-CA76CCC360CE}.Debug|Any CPU.Build.0 = Debug|Any CPU
		{615A0B81-9C78-46FD-B917-CA76CCC360CE}.Release|Any CPU.ActiveCfg = Release|Any CPU
		{615A0B81-9C78-46FD-B917-CA76CCC360CE}.Release|Any CPU.Build.0 = Release|Any CPU
		{3FBCD4F5-9830-41AC-AE59-9CA020C745E3}.Debug|Any CPU.ActiveCfg = Debug|Any CPU
		{3FBCD4F5-9830-41AC-AE59-9CA020C745E3}.Debug|Any CPU.Build.0 = Debug|Any CPU
		{3FBCD4F5-9830-41AC-AE59-9CA020C745E3}.Release|Any CPU.ActiveCfg = Release|Any CPU
		{3FBCD4F5-9830-41AC-AE59-9CA020C745E3}.Release|Any CPU.Build.0 = Release|Any CPU
		{01C79D08-674C-42A8-B358-252C17EEBFC8}.Debug|Any CPU.ActiveCfg = Debug|Any CPU
		{01C79D08-674C-42A8-B358-252C17EEBFC8}.Debug|Any CPU.Build.0 = Debug|Any CPU
		{01C79D08-674C-42A8-B358-252C17EEBFC8}.Release|Any CPU.ActiveCfg = Release|Any CPU
		{01C79D08-674C-42A8-B358-252C17EEBFC8}.Release|Any CPU.Build.0 = Release|Any CPU
		{8AE0F927-0459-4E6D-B445-EA0EA210BD9F}.Debug|Any CPU.ActiveCfg = Debug|Any CPU
		{8AE0F927-0459-4E6D-B445-EA0EA210BD9F}.Debug|Any CPU.Build.0 = Debug|Any CPU
		{8AE0F927-0459-4E6D-B445-EA0EA210BD9F}.Release|Any CPU.ActiveCfg = Release|Any CPU
		{8AE0F927-0459-4E6D-B445-EA0EA210BD9F}.Release|Any CPU.Build.0 = Release|Any CPU
		{5D366164-419E-444B-B143-D9DCE0022C68}.Debug|Any CPU.ActiveCfg = Debug|Any CPU
		{5D366164-419E-444B-B143-D9DCE0022C68}.Debug|Any CPU.Build.0 = Debug|Any CPU
		{5D366164-419E-444B-B143-D9DCE0022C68}.Release|Any CPU.ActiveCfg = Release|Any CPU
		{5D366164-419E-444B-B143-D9DCE0022C68}.Release|Any CPU.Build.0 = Release|Any CPU
		{5C3E744F-29A5-48A7-B864-473BEDAEF7B7}.Debug|Any CPU.ActiveCfg = Debug|Any CPU
		{5C3E744F-29A5-48A7-B864-473BEDAEF7B7}.Debug|Any CPU.Build.0 = Debug|Any CPU
		{5C3E744F-29A5-48A7-B864-473BEDAEF7B7}.Release|Any CPU.ActiveCfg = Release|Any CPU
		{5C3E744F-29A5-48A7-B864-473BEDAEF7B7}.Release|Any CPU.Build.0 = Release|Any CPU
		{DDE2C158-FF90-4CE9-8E3F-D7ADA16EE91B}.Debug|Any CPU.ActiveCfg = Debug|Any CPU
		{DDE2C158-FF90-4CE9-8E3F-D7ADA16EE91B}.Debug|Any CPU.Build.0 = Debug|Any CPU
		{DDE2C158-FF90-4CE9-8E3F-D7ADA16EE91B}.Release|Any CPU.ActiveCfg = Release|Any CPU
		{DDE2C158-FF90-4CE9-8E3F-D7ADA16EE91B}.Release|Any CPU.Build.0 = Release|Any CPU
		{4FB60A41-7AE4-45C0-B0FD-A001C5F3FF61}.Debug|Any CPU.ActiveCfg = Debug|Any CPU
		{4FB60A41-7AE4-45C0-B0FD-A001C5F3FF61}.Debug|Any CPU.Build.0 = Debug|Any CPU
		{4FB60A41-7AE4-45C0-B0FD-A001C5F3FF61}.Release|Any CPU.ActiveCfg = Release|Any CPU
		{4FB60A41-7AE4-45C0-B0FD-A001C5F3FF61}.Release|Any CPU.Build.0 = Release|Any CPU
		{F6130725-132D-4B06-A2C8-F72F21CB7016}.Debug|Any CPU.ActiveCfg = Debug|Any CPU
		{F6130725-132D-4B06-A2C8-F72F21CB7016}.Debug|Any CPU.Build.0 = Debug|Any CPU
		{F6130725-132D-4B06-A2C8-F72F21CB7016}.Release|Any CPU.ActiveCfg = Release|Any CPU
		{F6130725-132D-4B06-A2C8-F72F21CB7016}.Release|Any CPU.Build.0 = Release|Any CPU
		{7CF3ABC8-DCE5-48BB-8922-0C15F4676BA5}.Debug|Any CPU.ActiveCfg = Debug|Any CPU
		{7CF3ABC8-DCE5-48BB-8922-0C15F4676BA5}.Debug|Any CPU.Build.0 = Debug|Any CPU
		{7CF3ABC8-DCE5-48BB-8922-0C15F4676BA5}.Release|Any CPU.ActiveCfg = Release|Any CPU
		{7CF3ABC8-DCE5-48BB-8922-0C15F4676BA5}.Release|Any CPU.Build.0 = Release|Any CPU
		{AC353365-6116-4A25-90E8-FB682C544873}.Debug|Any CPU.ActiveCfg = Debug|Any CPU
		{AC353365-6116-4A25-90E8-FB682C544873}.Debug|Any CPU.Build.0 = Debug|Any CPU
		{AC353365-6116-4A25-90E8-FB682C544873}.Release|Any CPU.ActiveCfg = Release|Any CPU
		{AC353365-6116-4A25-90E8-FB682C544873}.Release|Any CPU.Build.0 = Release|Any CPU
		{A19C3F4B-D322-4393-B394-DAC737E32D81}.Debug|Any CPU.ActiveCfg = Debug|Any CPU
		{A19C3F4B-D322-4393-B394-DAC737E32D81}.Debug|Any CPU.Build.0 = Debug|Any CPU
		{A19C3F4B-D322-4393-B394-DAC737E32D81}.Release|Any CPU.ActiveCfg = Release|Any CPU
		{A19C3F4B-D322-4393-B394-DAC737E32D81}.Release|Any CPU.Build.0 = Release|Any CPU
		{537EDD1A-B366-4C23-B15A-8EEF98BDD1E3}.Debug|Any CPU.ActiveCfg = Debug|Any CPU
		{537EDD1A-B366-4C23-B15A-8EEF98BDD1E3}.Debug|Any CPU.Build.0 = Debug|Any CPU
		{537EDD1A-B366-4C23-B15A-8EEF98BDD1E3}.Release|Any CPU.ActiveCfg = Release|Any CPU
		{537EDD1A-B366-4C23-B15A-8EEF98BDD1E3}.Release|Any CPU.Build.0 = Release|Any CPU
		{206931A3-480B-4CE1-BA81-DFC52B8BFDC5}.Debug|Any CPU.ActiveCfg = Debug|Any CPU
		{206931A3-480B-4CE1-BA81-DFC52B8BFDC5}.Debug|Any CPU.Build.0 = Debug|Any CPU
		{206931A3-480B-4CE1-BA81-DFC52B8BFDC5}.Release|Any CPU.ActiveCfg = Release|Any CPU
		{206931A3-480B-4CE1-BA81-DFC52B8BFDC5}.Release|Any CPU.Build.0 = Release|Any CPU
		{5E8C78C1-42F4-4624-85F3-EC8434DFCB46}.Debug|Any CPU.ActiveCfg = Debug|Any CPU
		{5E8C78C1-42F4-4624-85F3-EC8434DFCB46}.Debug|Any CPU.Build.0 = Debug|Any CPU
		{5E8C78C1-42F4-4624-85F3-EC8434DFCB46}.Release|Any CPU.ActiveCfg = Release|Any CPU
		{5E8C78C1-42F4-4624-85F3-EC8434DFCB46}.Release|Any CPU.Build.0 = Release|Any CPU
		{76731C9A-D6F9-4031-B3E0-D3549860F9C2}.Debug|Any CPU.ActiveCfg = Debug|Any CPU
		{76731C9A-D6F9-4031-B3E0-D3549860F9C2}.Debug|Any CPU.Build.0 = Debug|Any CPU
		{76731C9A-D6F9-4031-B3E0-D3549860F9C2}.Release|Any CPU.ActiveCfg = Release|Any CPU
		{76731C9A-D6F9-4031-B3E0-D3549860F9C2}.Release|Any CPU.Build.0 = Release|Any CPU
		{C89EAD57-701C-4903-8C34-5A38490F2AE0}.Debug|Any CPU.ActiveCfg = Debug|Any CPU
		{C89EAD57-701C-4903-8C34-5A38490F2AE0}.Debug|Any CPU.Build.0 = Debug|Any CPU
		{C89EAD57-701C-4903-8C34-5A38490F2AE0}.Release|Any CPU.ActiveCfg = Release|Any CPU
		{C89EAD57-701C-4903-8C34-5A38490F2AE0}.Release|Any CPU.Build.0 = Release|Any CPU
		{66DED235-D445-4298-A789-87852480E001}.Debug|Any CPU.ActiveCfg = Debug|Any CPU
		{66DED235-D445-4298-A789-87852480E001}.Debug|Any CPU.Build.0 = Debug|Any CPU
		{66DED235-D445-4298-A789-87852480E001}.Release|Any CPU.ActiveCfg = Release|Any CPU
		{66DED235-D445-4298-A789-87852480E001}.Release|Any CPU.Build.0 = Release|Any CPU
		{03E34F96-AE22-4E27-AB25-F872D5A14CE5}.Debug|Any CPU.ActiveCfg = Debug|Any CPU
		{03E34F96-AE22-4E27-AB25-F872D5A14CE5}.Debug|Any CPU.Build.0 = Debug|Any CPU
		{03E34F96-AE22-4E27-AB25-F872D5A14CE5}.Release|Any CPU.ActiveCfg = Release|Any CPU
		{03E34F96-AE22-4E27-AB25-F872D5A14CE5}.Release|Any CPU.Build.0 = Release|Any CPU
		{C94FB820-6F96-4F6D-B7F5-7565EB8BE7D9}.Debug|Any CPU.ActiveCfg = Debug|Any CPU
		{C94FB820-6F96-4F6D-B7F5-7565EB8BE7D9}.Debug|Any CPU.Build.0 = Debug|Any CPU
		{C94FB820-6F96-4F6D-B7F5-7565EB8BE7D9}.Release|Any CPU.ActiveCfg = Release|Any CPU
		{C94FB820-6F96-4F6D-B7F5-7565EB8BE7D9}.Release|Any CPU.Build.0 = Release|Any CPU
	EndGlobalSection
	GlobalSection(SolutionProperties) = preSolution
		HideSolutionNode = FALSE
	EndGlobalSection
	GlobalSection(NestedProjects) = preSolution
		{DBC90221-F0CB-44EE-BC84-B93048E8CAAC} = {52923E7B-6EE0-4025-88D0-5F5C0358A7B5}
		{A0E811F6-2537-411D-91FD-BE3E6F037DE2} = {DBC90221-F0CB-44EE-BC84-B93048E8CAAC}
		{2EF9588A-92D9-48EA-8389-C7A7B166ECE2} = {DBC90221-F0CB-44EE-BC84-B93048E8CAAC}
		{9508D98C-DBE8-4990-AAD0-2EA97EFA948E} = {DBC90221-F0CB-44EE-BC84-B93048E8CAAC}
		{EF840C3C-67B4-400F-A77F-DA36501B7E25} = {DBC90221-F0CB-44EE-BC84-B93048E8CAAC}
		{2F47CF44-AF8C-495B-9E17-E366955088EA} = {DBC90221-F0CB-44EE-BC84-B93048E8CAAC}
		{9D55C77B-F30B-4F7E-ADBC-B6A0C7DCA853} = {DBC90221-F0CB-44EE-BC84-B93048E8CAAC}
		{8CE2DF27-4A01-49D4-A00C-9368B5331264} = {52923E7B-6EE0-4025-88D0-5F5C0358A7B5}
		{A12C1DF5-FBAD-4D09-906C-D32831AA6496} = {8CE2DF27-4A01-49D4-A00C-9368B5331264}
		{39EEEF26-744D-4258-802D-2DD755794A81} = {8CE2DF27-4A01-49D4-A00C-9368B5331264}
		{B8A7EADF-1C7E-4337-82D0-8B8B5544C4C7} = {8CE2DF27-4A01-49D4-A00C-9368B5331264}
		{7BDB998E-518C-4601-8FDC-243D20E8D9F9} = {8CE2DF27-4A01-49D4-A00C-9368B5331264}
		{A8B7ABB7-E01C-4693-A585-2CEC2BD7D408} = {8CE2DF27-4A01-49D4-A00C-9368B5331264}
		{D153FEE8-319C-4A57-AF76-EB9B49DD42C0} = {52923E7B-6EE0-4025-88D0-5F5C0358A7B5}
		{B6254BD9-C07D-4BC2-8833-92ADB1068FB5} = {D153FEE8-319C-4A57-AF76-EB9B49DD42C0}
		{49B8CE42-3F34-403F-9C48-B3A60C9346E3} = {D153FEE8-319C-4A57-AF76-EB9B49DD42C0}
		{63BE3403-5971-47A9-9C34-D843F8A0F8A3} = {D153FEE8-319C-4A57-AF76-EB9B49DD42C0}
		{744CDDD8-2518-4CA9-BAAC-1E126347A1B9} = {D153FEE8-319C-4A57-AF76-EB9B49DD42C0}
		{D85F8B56-2CEB-4FEB-9367-D214ED7E85B5} = {52923E7B-6EE0-4025-88D0-5F5C0358A7B5}
		{3BF08815-2D98-4BBC-9CDF-22B4EA1DCB01} = {D85F8B56-2CEB-4FEB-9367-D214ED7E85B5}
		{6F3B7A4D-6D64-415F-BFB2-40D58752E74D} = {D85F8B56-2CEB-4FEB-9367-D214ED7E85B5}
		{C955A352-5473-4817-8D3F-DF13E61F27FD} = {D85F8B56-2CEB-4FEB-9367-D214ED7E85B5}
		{7559333C-C4B5-4A59-8959-972D0524031D} = {D85F8B56-2CEB-4FEB-9367-D214ED7E85B5}
		{377F79BF-29B3-410D-93B8-60818F75DAD6} = {D85F8B56-2CEB-4FEB-9367-D214ED7E85B5}
		{30FAD6CD-C626-40CA-ABB5-E51633D26AC2} = {D85F8B56-2CEB-4FEB-9367-D214ED7E85B5}
		{E12D89E3-C4BF-4989-BF71-342C69DC9B78} = {52923E7B-6EE0-4025-88D0-5F5C0358A7B5}
		{E06FD53A-04BC-4DA1-ADBF-4933DD872BE7} = {E12D89E3-C4BF-4989-BF71-342C69DC9B78}
		{82B7869C-DDAF-44B3-9F7D-9516F2DB0002} = {E12D89E3-C4BF-4989-BF71-342C69DC9B78}
		{DA9A0B63-AEDA-4EED-B044-03DB9F2A4D68} = {E12D89E3-C4BF-4989-BF71-342C69DC9B78}
		{68412A71-31A0-4CE1-BF85-D4C7776DAE9F} = {E12D89E3-C4BF-4989-BF71-342C69DC9B78}
		{16292699-245A-469F-AB22-2F05771F623B} = {E12D89E3-C4BF-4989-BF71-342C69DC9B78}
		{021B2B6F-985C-4D7F-B6EB-4EA99FB15C5E} = {E12D89E3-C4BF-4989-BF71-342C69DC9B78}
		{D73167A9-3742-4E9B-A09C-7EC552A3A05F} = {E12D89E3-C4BF-4989-BF71-342C69DC9B78}
		{C9AC6936-F47B-4991-981D-F71643759EF9} = {3054C40F-1814-48E6-B719-2DC236461D12}
		{800E8058-BA4D-4A1F-A247-327ED0C42B56} = {C9AC6936-F47B-4991-981D-F71643759EF9}
		{3B971C09-0E1A-4A38-BFE4-C7C6A614B913} = {C9AC6936-F47B-4991-981D-F71643759EF9}
		{2E4F232A-5C78-4A2C-A1E6-7BCD27A5280F} = {C9AC6936-F47B-4991-981D-F71643759EF9}
		{A58EFCA5-EE18-427B-8BC4-644926B127B9} = {C9AC6936-F47B-4991-981D-F71643759EF9}
		{4F80D288-8D77-4007-B403-8CC8AFC70845} = {C9AC6936-F47B-4991-981D-F71643759EF9}
		{615A0B81-9C78-46FD-B917-CA76CCC360CE} = {C9AC6936-F47B-4991-981D-F71643759EF9}
		{5BCEFEE2-9BFB-4534-88D2-183DD27ED59F} = {3054C40F-1814-48E6-B719-2DC236461D12}
		{3FBCD4F5-9830-41AC-AE59-9CA020C745E3} = {5BCEFEE2-9BFB-4534-88D2-183DD27ED59F}
		{01C79D08-674C-42A8-B358-252C17EEBFC8} = {5BCEFEE2-9BFB-4534-88D2-183DD27ED59F}
		{8AE0F927-0459-4E6D-B445-EA0EA210BD9F} = {5BCEFEE2-9BFB-4534-88D2-183DD27ED59F}
		{5D366164-419E-444B-B143-D9DCE0022C68} = {5BCEFEE2-9BFB-4534-88D2-183DD27ED59F}
		{45135F32-B41B-4596-85B9-9F21B8C79E52} = {3054C40F-1814-48E6-B719-2DC236461D12}
		{5C3E744F-29A5-48A7-B864-473BEDAEF7B7} = {45135F32-B41B-4596-85B9-9F21B8C79E52}
		{DDE2C158-FF90-4CE9-8E3F-D7ADA16EE91B} = {45135F32-B41B-4596-85B9-9F21B8C79E52}
		{4FB60A41-7AE4-45C0-B0FD-A001C5F3FF61} = {45135F32-B41B-4596-85B9-9F21B8C79E52}
		{67881F1A-FF1F-4C53-A910-B02705D0792F} = {3054C40F-1814-48E6-B719-2DC236461D12}
		{F6130725-132D-4B06-A2C8-F72F21CB7016} = {67881F1A-FF1F-4C53-A910-B02705D0792F}
		{7CF3ABC8-DCE5-48BB-8922-0C15F4676BA5} = {67881F1A-FF1F-4C53-A910-B02705D0792F}
		{AC353365-6116-4A25-90E8-FB682C544873} = {67881F1A-FF1F-4C53-A910-B02705D0792F}
		{A19C3F4B-D322-4393-B394-DAC737E32D81} = {67881F1A-FF1F-4C53-A910-B02705D0792F}
		{537EDD1A-B366-4C23-B15A-8EEF98BDD1E3} = {67881F1A-FF1F-4C53-A910-B02705D0792F}
		{206931A3-480B-4CE1-BA81-DFC52B8BFDC5} = {67881F1A-FF1F-4C53-A910-B02705D0792F}
		{C35A4D9D-CB35-4E8E-867A-D2F0AC20A9D4} = {3054C40F-1814-48E6-B719-2DC236461D12}
		{5E8C78C1-42F4-4624-85F3-EC8434DFCB46} = {C35A4D9D-CB35-4E8E-867A-D2F0AC20A9D4}
		{76731C9A-D6F9-4031-B3E0-D3549860F9C2} = {C35A4D9D-CB35-4E8E-867A-D2F0AC20A9D4}
		{C89EAD57-701C-4903-8C34-5A38490F2AE0} = {C35A4D9D-CB35-4E8E-867A-D2F0AC20A9D4}
		{66DED235-D445-4298-A789-87852480E001} = {C35A4D9D-CB35-4E8E-867A-D2F0AC20A9D4}
		{03E34F96-AE22-4E27-AB25-F872D5A14CE5} = {C35A4D9D-CB35-4E8E-867A-D2F0AC20A9D4}
		{C94FB820-6F96-4F6D-B7F5-7565EB8BE7D9} = {C35A4D9D-CB35-4E8E-867A-D2F0AC20A9D4}
	EndGlobalSection
	GlobalSection(ExtensibilityGlobals) = postSolution
		SolutionGuid = {ED60E961-32E5-4B38-ADAC-D441C9BBBA77}
	EndGlobalSection
EndGlobal
